# This file is generated by running "yarn install" inside your project.
# Manual changes might be lost - proceed with caution!

__metadata:
  version: 8
  cacheKey: 10c0

"@greenfinity/rescript-typed-css-modules@workspace:.":
  version: 0.0.0-use.local
  resolution: "@greenfinity/rescript-typed-css-modules@workspace:."
  dependencies:
    "@rescript/core": "npm:^1.6.1"
    rescript: "npm:^12.0.2"
    rescript-nodejs: "npm:^16.1.0"
  peerDependencies:
    rescript: ^12.0.2
  languageName: unknown
  linkType: soft

"@rescript/core@npm:^1.6.1":
  version: 1.6.1
  resolution: "@rescript/core@npm:1.6.1"
  peerDependencies:
    rescript: ">=11.1.0"
  checksum: 10c0/04e7fc14dc050de0a9da8eb0642fb0800bc80c8978ef79aada1823bc2080b47a4d40c1168c63b53642009935342a4feb833fc190a71aa45e83af5d896269b95d
  languageName: node
  linkType: hard

"@rescript/darwin-arm64@npm:12.0.2":
  version: 12.0.2
  resolution: "@rescript/darwin-arm64@npm:12.0.2"
  conditions: os=darwin & cpu=arm64
  languageName: node
  linkType: hard

"@rescript/darwin-x64@npm:12.0.2":
  version: 12.0.2
  resolution: "@rescript/darwin-x64@npm:12.0.2"
  conditions: os=darwin & cpu=x64
  languageName: node
  linkType: hard

"@rescript/linux-arm64@npm:12.0.2":
  version: 12.0.2
  resolution: "@rescript/linux-arm64@npm:12.0.2"
  conditions: os=linux & cpu=arm64
  languageName: node
  linkType: hard

"@rescript/linux-x64@npm:12.0.2":
  version: 12.0.2
  resolution: "@rescript/linux-x64@npm:12.0.2"
  conditions: os=linux & cpu=x64
  languageName: node
  linkType: hard

"@rescript/runtime@npm:12.0.2":
  version: 12.0.2
  resolution: "@rescript/runtime@npm:12.0.2"
  checksum: 10c0/aafd8da3672b240f1dad5838001b334998e6b292ecee17bf2ceaa9bde985151e5d5eed1b83ac88bf2bbc9e0abe46b1a8de19140b69da625850a5c64223a74d8f
  languageName: node
  linkType: hard

"@rescript/win32-x64@npm:12.0.2":
  version: 12.0.2
  resolution: "@rescript/win32-x64@npm:12.0.2"
  conditions: os=win32 & cpu=x64
  languageName: node
  linkType: hard

"rescript-nodejs@npm:^16.1.0":
  version: 16.1.0
  resolution: "rescript-nodejs@npm:16.1.0"
  checksum: 10c0/2ea271dbddebdceec79bf5ee6089c15474f2c014cb22c1cc39d43ef27fd363fcb1cd8e1244d0cb998cd6b426d7474e3055e41277951fb01ee1eeecf68bbe01ab
  languageName: node
  linkType: hard

"rescript@npm:^12.0.2":
  version: 12.0.2
  resolution: "rescript@npm:12.0.2"
  dependencies:
    "@rescript/darwin-arm64": "npm:12.0.2"
    "@rescript/darwin-x64": "npm:12.0.2"
    "@rescript/linux-arm64": "npm:12.0.2"
    "@rescript/linux-x64": "npm:12.0.2"
    "@rescript/runtime": "npm:12.0.2"
    "@rescript/win32-x64": "npm:12.0.2"
  dependenciesMeta:
    "@rescript/darwin-arm64":
      optional: true
    "@rescript/darwin-x64":
      optional: true
    "@rescript/linux-arm64":
      optional: true
    "@rescript/linux-x64":
      optional: true
    "@rescript/win32-x64":
      optional: true
  bin:
    bsc: cli/bsc.js
    bstracing: cli/bstracing.js
    rescript: cli/rescript.js
    rescript-legacy: cli/rescript-legacy.js
    rescript-tools: cli/rescript-tools.js
  checksum: 10c0/b95f34dc2b5d7a81538ed218cdb80eb040a29e4604054797bfbf3d11a6aa794eb5ec58fb7ba6f395c5ba40c1681dc5a72575dab3f82570be39c865c9d292dc6b
  languageName: node
  linkType: hard
